{
    "_meta": {
        "hash": {
            "sha256": "a8e2b433a770c77ac709b72343ca9b42dc2af8f74e0994b7c4561598265b5171"
        },
        "pipfile-spec": 6,
        "requires": {
            "python_version": "3.10"
        },
        "sources": [
            {
                "name": "pypi",
                "url": "https://pypi.org/simple",
                "verify_ssl": true
            }
        ]
    },
    "default": {
        "altgraph": {
            "hashes": [
                "sha256:ad33358114df7c9416cdb8fa1eaa5852166c505118717021c6a8c7c7abbd03dd",
                "sha256:c8ac1ca6772207179ed8003ce7687757c04b0b71536f81e2ac5755c6226458fe"
            ],
            "version": "==0.17.3"
        },
        "certifi": {
            "hashes": [
                "sha256:35824b4c3a97115964b408844d64aa14db1cc518f6562e8d7261699d1350a9e3",
                "sha256:4ad3232f5e926d6718ec31cfc1fcadfde020920e278684144551c91769c7bc18"
            ],
            "index": "pypi",
            "version": "==2022.12.7"
        },
        "charset-normalizer": {
            "hashes": [
                "sha256:5a3d016c7c547f69d6f81fb0db9449ce888b418b5b9952cc5e6e66843e9dd845",
                "sha256:83e9a75d1911279afd89352c68b45348559d1fc0506b054b346651b5e7fee29f"
            ],
            "markers": "python_version >= '3.6'",
            "version": "==2.1.1"
        },
        "docutils": {
            "hashes": [
                "sha256:33995a6753c30b7f577febfc2c50411fec6aac7f7ffeb7c4cfe5991072dcf9e6",
                "sha256:5e1de4d849fee02c63b040a4a3fd567f4ab104defd8a5511fbbc24a8a017efbc"
            ],
            "markers": "python_version >= '3.7'",
            "version": "==0.19"
        },
        "greenlet": {
            "hashes": [
                "sha256:0109af1138afbfb8ae647e31a2b1ab030f58b21dd8528c27beaeb0093b7938a9",
                "sha256:0459d94f73265744fee4c2d5ec44c6f34aa8a31017e6e9de770f7bcf29710be9",
                "sha256:04957dc96669be041e0c260964cfef4c77287f07c40452e61abe19d647505581",
                "sha256:0722c9be0797f544a3ed212569ca3fe3d9d1a1b13942d10dd6f0e8601e484d26",
                "sha256:097e3dae69321e9100202fc62977f687454cd0ea147d0fd5a766e57450c569fd",
                "sha256:0b493db84d124805865adc587532ebad30efa68f79ad68f11b336e0a51ec86c2",
                "sha256:13ba6e8e326e2116c954074c994da14954982ba2795aebb881c07ac5d093a58a",
                "sha256:13ebf93c343dd8bd010cd98e617cb4c1c1f352a0cf2524c82d3814154116aa82",
                "sha256:1407fe45246632d0ffb7a3f4a520ba4e6051fc2cbd61ba1f806900c27f47706a",
                "sha256:1bf633a50cc93ed17e494015897361010fc08700d92676c87931d3ea464123ce",
                "sha256:2d0bac0385d2b43a7bd1d651621a4e0f1380abc63d6fb1012213a401cbd5bf8f",
                "sha256:3001d00eba6bbf084ae60ec7f4bb8ed375748f53aeaefaf2a37d9f0370558524",
                "sha256:356e4519d4dfa766d50ecc498544b44c0249b6de66426041d7f8b751de4d6b48",
                "sha256:38255a3f1e8942573b067510f9611fc9e38196077b0c8eb7a8c795e105f9ce77",
                "sha256:3d75b8d013086b08e801fbbb896f7d5c9e6ccd44f13a9241d2bf7c0df9eda928",
                "sha256:41b825d65f31e394b523c84db84f9383a2f7eefc13d987f308f4663794d2687e",
                "sha256:42e602564460da0e8ee67cb6d7236363ee5e131aa15943b6670e44e5c2ed0f67",
                "sha256:4aeaebcd91d9fee9aa768c1b39cb12214b30bf36d2b7370505a9f2165fedd8d9",
                "sha256:4c8b1c43e75c42a6cafcc71defa9e01ead39ae80bd733a2608b297412beede68",
                "sha256:4d37990425b4687ade27810e3b1a1c37825d242ebc275066cfee8cb6b8829ccd",
                "sha256:4f09b0010e55bec3239278f642a8a506b91034f03a4fb28289a7d448a67f1515",
                "sha256:505138d4fa69462447a562a7c2ef723c6025ba12ac04478bc1ce2fcc279a2db5",
                "sha256:5067920de254f1a2dee8d3d9d7e4e03718e8fd2d2d9db962c8c9fa781ae82a39",
                "sha256:56961cfca7da2fdd178f95ca407fa330c64f33289e1804b592a77d5593d9bd94",
                "sha256:5a8e05057fab2a365c81abc696cb753da7549d20266e8511eb6c9d9f72fe3e92",
                "sha256:659f167f419a4609bc0516fb18ea69ed39dbb25594934bd2dd4d0401660e8a1e",
                "sha256:662e8f7cad915ba75d8017b3e601afc01ef20deeeabf281bd00369de196d7726",
                "sha256:6f61d71bbc9b4a3de768371b210d906726535d6ca43506737682caa754b956cd",
                "sha256:72b00a8e7c25dcea5946692a2485b1a0c0661ed93ecfedfa9b6687bd89a24ef5",
                "sha256:811e1d37d60b47cb8126e0a929b58c046251f28117cb16fcd371eed61f66b764",
                "sha256:81b0ea3715bf6a848d6f7149d25bf018fd24554a4be01fcbbe3fdc78e890b955",
                "sha256:88c8d517e78acdf7df8a2134a3c4b964415b575d2840a2746ddb1cc6175f8608",
                "sha256:8dca09dedf1bd8684767bc736cc20c97c29bc0c04c413e3276e0962cd7aeb148",
                "sha256:974a39bdb8c90a85982cdb78a103a32e0b1be986d411303064b28a80611f6e51",
                "sha256:9e112e03d37987d7b90c1e98ba5e1b59e1645226d78d73282f45b326f7bddcb9",
                "sha256:9e9744c657d896c7b580455e739899e492a4a452e2dd4d2b3e459f6b244a638d",
                "sha256:9ed358312e63bf683b9ef22c8e442ef6c5c02973f0c2a939ec1d7b50c974015c",
                "sha256:9f2c221eecb7ead00b8e3ddb913c67f75cba078fd1d326053225a3f59d850d72",
                "sha256:a20d33124935d27b80e6fdacbd34205732660e0a1d35d8b10b3328179a2b51a1",
                "sha256:a4c0757db9bd08470ff8277791795e70d0bf035a011a528ee9a5ce9454b6cba2",
                "sha256:afe07421c969e259e9403c3bb658968702bc3b78ec0b6fde3ae1e73440529c23",
                "sha256:b1992ba9d4780d9af9726bbcef6a1db12d9ab1ccc35e5773685a24b7fb2758eb",
                "sha256:b23d2a46d53210b498e5b701a1913697671988f4bf8e10f935433f6e7c332fb6",
                "sha256:b5e83e4de81dcc9425598d9469a624826a0b1211380ac444c7c791d4a2137c19",
                "sha256:be35822f35f99dcc48152c9839d0171a06186f2d71ef76dc57fa556cc9bf6b45",
                "sha256:be9e0fb2ada7e5124f5282d6381903183ecc73ea019568d6d63d33f25b2a9000",
                "sha256:c140e7eb5ce47249668056edf3b7e9900c6a2e22fb0eaf0513f18a1b2c14e1da",
                "sha256:c6a08799e9e88052221adca55741bf106ec7ea0710bca635c208b751f0d5b617",
                "sha256:cb242fc2cda5a307a7698c93173d3627a2a90d00507bccf5bc228851e8304963",
                "sha256:cce1e90dd302f45716a7715517c6aa0468af0bf38e814ad4eab58e88fc09f7f7",
                "sha256:cd4ccc364cf75d1422e66e247e52a93da6a9b73cefa8cad696f3cbbb75af179d",
                "sha256:d21681f09e297a5adaa73060737e3aa1279a13ecdcfcc6ef66c292cb25125b2d",
                "sha256:d38ffd0e81ba8ef347d2be0772e899c289b59ff150ebbbbe05dc61b1246eb4e0",
                "sha256:d566b82e92ff2e09dd6342df7e0eb4ff6275a3f08db284888dcd98134dbd4243",
                "sha256:d5b0ff9878333823226d270417f24f4d06f235cb3e54d1103b71ea537a6a86ce",
                "sha256:d6ee1aa7ab36475035eb48c01efae87d37936a8173fc4d7b10bb02c2d75dd8f6",
                "sha256:db38f80540083ea33bdab614a9d28bcec4b54daa5aff1668d7827a9fc769ae0a",
                "sha256:ea688d11707d30e212e0110a1aac7f7f3f542a259235d396f88be68b649e47d1",
                "sha256:f6327b6907b4cb72f650a5b7b1be23a2aab395017aa6f1adb13069d66360eb3f",
                "sha256:fb412b7db83fe56847df9c47b6fe3f13911b06339c2aa02dcc09dce8bbf582cd"
            ],
            "markers": "python_version >= '3' and platform_machine == 'aarch64' or (platform_machine == 'ppc64le' or (platform_machine == 'x86_64' or (platform_machine == 'amd64' or (platform_machine == 'AMD64' or (platform_machine == 'win32' or platform_machine == 'WIN32')))))",
            "version": "==2.0.1"
        },
        "idna": {
            "hashes": [
                "sha256:814f528e8dead7d329833b91c5faa87d60bf71824cd12a7530b5526063d02cb4",
                "sha256:90b77e79eaa3eba6de819a0c442c0b4ceefc341a7a2ab77d7562bf49f425c5c2"
            ],
            "markers": "python_version >= '3.5'",
            "version": "==3.4"
        },
        "kivy": {
            "extras": [
                "base"
            ],
            "hashes": [
                "sha256:1c112bcfaf5caea8648563c7706e038cc51afc8f4b2e7c30088441505c9bd6e5",
                "sha256:222c1cae30a5f85b1ccf6bdab391a2a255a2acb3b891ce04037156109c7856f2",
                "sha256:260f88aff72ba2269e6733598e9081533072769ed0bec2d020a8bd010d1b6751",
                "sha256:2c834e90668b23ed7e4c725aead01b16ed347bc0747b3476d2e9eff5c36ce0a6",
                "sha256:2f7d5c3b71a73a41b73a79f3dd059c2177d0711ddff63292595d8e6204bd8d8a",
                "sha256:38776f17aad1dc93133b997a7492999a1169ab09db56735ee5bfe300e01b01af",
                "sha256:3a16f3ba3b70d5e7943d7ee5c4cbbd52bc4675f38da4bf2b3005c1639d6c04b3",
                "sha256:3f3067ec3cbd8616ce5dbc06a561df4862f8f37b20167885137102eb5254d890",
                "sha256:591e06bc8cb4c71c0eed756fc21491513fd71edfc79b8d5f7b229c5e6930a767",
                "sha256:5936bec77659b7774100094462ee124684235572ddc5177e47f99ec9a9ecba84",
                "sha256:6b0836ff99bce926a1d8ce8335c3ccf80459419fff7e0b0d56b386990a847d6a",
                "sha256:8bc76c8d91d1b57f7d2bc859e66dc0736d42c192600b0077ad6a7d18c2ed922d",
                "sha256:8eca96611980bb5ee4288469653f2d052082e2363df0b5d68c431f21bbc3d069",
                "sha256:a680aae60ecde4dd8657579c1137f581f07ead61699a53311b933aa7361eda40",
                "sha256:c24ca9669e941cb0551a67e23583dbbecff02f4829b3016df85a1a4378a1f854",
                "sha256:d533947bf5126e6c808a994032af4116264fb302b48cfd88312d1750ef5bf236",
                "sha256:ee3427c3bfdbfad07e663cf77db7461eed986e1e8e6995ebb532dc4eb5e13fc2",
                "sha256:eec5c58b82a23c15b70f687f161450a310b0c99075e1e425a00b2e096cec5261",
                "sha256:ef3e59315e10a01a9955e45c5a422f558c7a2495ae2a66c78d68caa6863b1572",
                "sha256:f81618278f18e5a2ba4f7d5d09c231a1d58a89df50f82c5d71f6baf057f4dac3",
                "sha256:fccae9301048e0d1e31443eeb08ab9cd66e91afe59d0474c067f1d838bce04b5"
            ],
            "index": "pypi",
            "version": "==2.1.0"
        },
        "kivy-garden": {
            "hashes": [
                "sha256:2b8377378e87501d5d271f33d94f0e44c089884572c64f89c9d609b1f86a2748",
                "sha256:ef50f44b96358cf10ac5665f27a4751bb34ef54051c54b93af891f80afe42929"
            ],
            "version": "==0.1.5"
        },
        "kwargs": {
            "hashes": [
                "sha256:2557e7b3e3c9317fb64079c06664a5f1ce9be342e04ee295375d91eef63a5e31",
                "sha256:f553495d7dfc7b9ec335d572d93ce723cc6de4917a5d135cbc84c2d772b7139f"
            ],
            "index": "pypi",
            "version": "==1.0.1"
        },
        "pillow": {
            "hashes": [
                "sha256:03150abd92771742d4a8cd6f2fa6246d847dcd2e332a18d0c15cc75bf6703040",
                "sha256:073adb2ae23431d3b9bcbcff3fe698b62ed47211d0716b067385538a1b0f28b8",
                "sha256:0b07fffc13f474264c336298d1b4ce01d9c5a011415b79d4ee5527bb69ae6f65",
                "sha256:0b7257127d646ff8676ec8a15520013a698d1fdc48bc2a79ba4e53df792526f2",
                "sha256:12ce4932caf2ddf3e41d17fc9c02d67126935a44b86df6a206cf0d7161548627",
                "sha256:15c42fb9dea42465dfd902fb0ecf584b8848ceb28b41ee2b58f866411be33f07",
                "sha256:18498994b29e1cf86d505edcb7edbe814d133d2232d256db8c7a8ceb34d18cef",
                "sha256:1c7c8ae3864846fc95f4611c78129301e203aaa2af813b703c55d10cc1628535",
                "sha256:22b012ea2d065fd163ca096f4e37e47cd8b59cf4b0fd47bfca6abb93df70b34c",
                "sha256:276a5ca930c913f714e372b2591a22c4bd3b81a418c0f6635ba832daec1cbcfc",
                "sha256:2e0918e03aa0c72ea56edbb00d4d664294815aa11291a11504a377ea018330d3",
                "sha256:3033fbe1feb1b59394615a1cafaee85e49d01b51d54de0cbf6aa8e64182518a1",
                "sha256:3168434d303babf495d4ba58fc22d6604f6e2afb97adc6a423e917dab828939c",
                "sha256:32a44128c4bdca7f31de5be641187367fe2a450ad83b833ef78910397db491aa",
                "sha256:3dd6caf940756101205dffc5367babf288a30043d35f80936f9bfb37f8355b32",
                "sha256:40e1ce476a7804b0fb74bcfa80b0a2206ea6a882938eaba917f7a0f004b42502",
                "sha256:41e0051336807468be450d52b8edd12ac60bebaa97fe10c8b660f116e50b30e4",
                "sha256:4390e9ce199fc1951fcfa65795f239a8a4944117b5935a9317fb320e7767b40f",
                "sha256:502526a2cbfa431d9fc2a079bdd9061a2397b842bb6bc4239bb176da00993812",
                "sha256:51e0e543a33ed92db9f5ef69a0356e0b1a7a6b6a71b80df99f1d181ae5875636",
                "sha256:57751894f6618fd4308ed8e0c36c333e2f5469744c34729a27532b3db106ee20",
                "sha256:5d77adcd56a42d00cc1be30843d3426aa4e660cab4a61021dc84467123f7a00c",
                "sha256:655a83b0058ba47c7c52e4e2df5ecf484c1b0b0349805896dd350cbc416bdd91",
                "sha256:68943d632f1f9e3dce98908e873b3a090f6cba1cbb1b892a9e8d97c938871fbe",
                "sha256:6c738585d7a9961d8c2821a1eb3dcb978d14e238be3d70f0a706f7fa9316946b",
                "sha256:73bd195e43f3fadecfc50c682f5055ec32ee2c933243cafbfdec69ab1aa87cad",
                "sha256:772a91fc0e03eaf922c63badeca75e91baa80fe2f5f87bdaed4280662aad25c9",
                "sha256:77ec3e7be99629898c9a6d24a09de089fa5356ee408cdffffe62d67bb75fdd72",
                "sha256:7db8b751ad307d7cf238f02101e8e36a128a6cb199326e867d1398067381bff4",
                "sha256:801ec82e4188e935c7f5e22e006d01611d6b41661bba9fe45b60e7ac1a8f84de",
                "sha256:82409ffe29d70fd733ff3c1025a602abb3e67405d41b9403b00b01debc4c9a29",
                "sha256:828989c45c245518065a110434246c44a56a8b2b2f6347d1409c787e6e4651ee",
                "sha256:829f97c8e258593b9daa80638aee3789b7df9da5cf1336035016d76f03b8860c",
                "sha256:871b72c3643e516db4ecf20efe735deb27fe30ca17800e661d769faab45a18d7",
                "sha256:89dca0ce00a2b49024df6325925555d406b14aa3efc2f752dbb5940c52c56b11",
                "sha256:90fb88843d3902fe7c9586d439d1e8c05258f41da473952aa8b328d8b907498c",
                "sha256:97aabc5c50312afa5e0a2b07c17d4ac5e865b250986f8afe2b02d772567a380c",
                "sha256:9aaa107275d8527e9d6e7670b64aabaaa36e5b6bd71a1015ddd21da0d4e06448",
                "sha256:9f47eabcd2ded7698106b05c2c338672d16a6f2a485e74481f524e2a23c2794b",
                "sha256:a0a06a052c5f37b4ed81c613a455a81f9a3a69429b4fd7bb913c3fa98abefc20",
                "sha256:ab388aaa3f6ce52ac1cb8e122c4bd46657c15905904b3120a6248b5b8b0bc228",
                "sha256:ad58d27a5b0262c0c19b47d54c5802db9b34d38bbf886665b626aff83c74bacd",
                "sha256:ae5331c23ce118c53b172fa64a4c037eb83c9165aba3a7ba9ddd3ec9fa64a699",
                "sha256:af0372acb5d3598f36ec0914deed2a63f6bcdb7b606da04dc19a88d31bf0c05b",
                "sha256:afa4107d1b306cdf8953edde0534562607fe8811b6c4d9a486298ad31de733b2",
                "sha256:b03ae6f1a1878233ac620c98f3459f79fd77c7e3c2b20d460284e1fb370557d4",
                "sha256:b0915e734b33a474d76c28e07292f196cdf2a590a0d25bcc06e64e545f2d146c",
                "sha256:b4012d06c846dc2b80651b120e2cdd787b013deb39c09f407727ba90015c684f",
                "sha256:b472b5ea442148d1c3e2209f20f1e0bb0eb556538690fa70b5e1f79fa0ba8dc2",
                "sha256:b59430236b8e58840a0dfb4099a0e8717ffb779c952426a69ae435ca1f57210c",
                "sha256:b90f7616ea170e92820775ed47e136208e04c967271c9ef615b6fbd08d9af0e3",
                "sha256:b9a65733d103311331875c1dca05cb4606997fd33d6acfed695b1232ba1df193",
                "sha256:bac18ab8d2d1e6b4ce25e3424f709aceef668347db8637c2296bcf41acb7cf48",
                "sha256:bca31dd6014cb8b0b2db1e46081b0ca7d936f856da3b39744aef499db5d84d02",
                "sha256:be55f8457cd1eac957af0c3f5ece7bc3f033f89b114ef30f710882717670b2a8",
                "sha256:c7025dce65566eb6e89f56c9509d4f628fddcedb131d9465cacd3d8bac337e7e",
                "sha256:c935a22a557a560108d780f9a0fc426dd7459940dc54faa49d83249c8d3e760f",
                "sha256:dbb8e7f2abee51cef77673be97760abff1674ed32847ce04b4af90f610144c7b",
                "sha256:e6ea6b856a74d560d9326c0f5895ef8050126acfdc7ca08ad703eb0081e82b74",
                "sha256:ebf2029c1f464c59b8bdbe5143c79fa2045a581ac53679733d3a91d400ff9efb",
                "sha256:f1ff2ee69f10f13a9596480335f406dd1f70c3650349e2be67ca3139280cade0"
            ],
            "version": "==9.3.0"
        },
        "pygments": {
            "hashes": [
                "sha256:56a8508ae95f98e2b9bdf93a6be5ae3f7d8af858b43e02c5a2ff083726be40c1",
                "sha256:f643f331ab57ba3c9d89212ee4a2dabc6e94f117cf4eefde99a0574720d14c42"
            ],
            "markers": "python_version >= '3.6'",
            "version": "==2.13.0"
        },
        "pyinstaller": {
            "hashes": [
                "sha256:29b3f17d75ff58b12db7b0116df1b3382c8345aefd500a177987eaf0599dec03",
                "sha256:3c9bc373b4a4bf6d81b306b9918e290a3de582d7b50a0f6f4e837970a4db0c54",
                "sha256:588f2840c27a8a7e1b1fa361f107a1060c5096b36d3c94c243b23687ee41609d",
                "sha256:9596c70c860cbce19537354db95b180351959b4cd14a70db6ab1d1432668c313",
                "sha256:996e296d1dfe27c3e89efc26dbcc247f49c0801a9b5e22e2b39f5b983cf5c2f5",
                "sha256:a90ee3181c88aed0893bf537a50ad547655f5d555a5b731215a5fe1946d2f3db",
                "sha256:ac003d49bbd62f6712b5631487049cee4f0a07445dd31c6d05e5724e33689fca",
                "sha256:c421b46ebf81ad4498de480640ce1a47ac15dfd3938dfc2e1c0846cb5cdb0c59",
                "sha256:d3852c1f8fe6ca2f5c7942c845dc6d1f6140aa7860fe3500eac3ac88875d1dd4",
                "sha256:d8bfe5c32b4b5aaa91a5c1c7912fe3e5d13e7671f3468ee7742ec71ca192a975",
                "sha256:f786cb013ebfd3fb23ddb46285902663e31256220b12b368f8c36e859a77ebc9"
            ],
            "index": "pypi",
            "version": "==5.1"
        },
        "pyinstaller-hooks-contrib": {
            "hashes": [
                "sha256:1a125838a22d7b35a18993c6e56d3c5cc3ad7da00954f95bc5606523939203f2",
                "sha256:5ae8da3a92cf20e37b3e00604d0c3468896e7d746e5c1449473597a724331b0b"
            ],
            "markers": "python_version >= '3.7'",
            "version": "==2022.14"
        },
        "requests": {
            "hashes": [
                "sha256:7c5599b102feddaa661c826c56ab4fee28bfd17f5abca1ebbe3e7f19d7c97983",
                "sha256:8fefa2a1a1365bf5520aac41836fbee479da67864514bdb821f31ce07ce65349"
            ],
            "markers": "python_version >= '3.7' and python_version < '4'",
            "version": "==2.28.1"
        },
        "setuptools": {
            "hashes": [
                "sha256:57f6f22bde4e042978bcd50176fdb381d7c21a9efa4041202288d3737a0c6a54",
                "sha256:a7620757bf984b58deaf32fc8a4577a9bbc0850cf92c20e1ce41c38c19e5fb75"
            ],
            "markers": "python_version >= '3.7'",
            "version": "==65.6.3"
        },
        "sqlalchemy": {
            "hashes": [
                "sha256:047ef5ccd8860f6147b8ac6c45a4bc573d4e030267b45d9a1c47b55962ff0e6f",
                "sha256:05a05771617bfa723ba4cef58d5b25ac028b0d68f28f403edebed5b8243b3a87",
                "sha256:0ec54460475f0c42512895c99c63d90dd2d9cbd0c13491a184182e85074b04c5",
                "sha256:107df519eb33d7f8e0d0d052128af2f25066c1a0f6b648fd1a9612ab66800b86",
                "sha256:14ea8ff2d33c48f8e6c3c472111d893b9e356284d1482102da9678195e5a8eac",
                "sha256:1745987ada1890b0e7978abdb22c133eca2e89ab98dc17939042240063e1ef21",
                "sha256:1962dfee37b7fb17d3d4889bf84c4ea08b1c36707194c578f61e6e06d12ab90f",
                "sha256:20bf65bcce65c538e68d5df27402b39341fabeecf01de7e0e72b9d9836c13c52",
                "sha256:26146c59576dfe9c546c9f45397a7c7c4a90c25679492ff610a7500afc7d03a6",
                "sha256:365b75938049ae31cf2176efd3d598213ddb9eb883fbc82086efa019a5f649df",
                "sha256:4770eb3ba69ec5fa41c681a75e53e0e342ac24c1f9220d883458b5596888e43a",
                "sha256:50e7569637e2e02253295527ff34666706dbb2bc5f6c61a5a7f44b9610c9bb09",
                "sha256:5c2d19bfb33262bf987ef0062345efd0f54c4189c2d95159c72995457bf4a359",
                "sha256:621f050e72cc7dfd9ad4594ff0abeaad954d6e4a2891545e8f1a53dcdfbef445",
                "sha256:6d81de54e45f1d756785405c9d06cd17918c2eecc2d4262dc2d276ca612c2f61",
                "sha256:6f95706da857e6e79b54c33c1214f5467aab10600aa508ddd1239d5df271986e",
                "sha256:752ef2e8dbaa3c5d419f322e3632f00ba6b1c3230f65bc97c2ff5c5c6c08f441",
                "sha256:7b2785dd2a0c044a36836857ac27310dc7a99166253551ee8f5408930958cc60",
                "sha256:7f13644b15665f7322f9e0635129e0ef2098409484df67fcd225d954c5861559",
                "sha256:8194896038753b46b08a0b0ae89a5d80c897fb601dd51e243ed5720f1f155d27",
                "sha256:864d4f89f054819cb95e93100b7d251e4d114d1c60bc7576db07b046432af280",
                "sha256:8b773c9974c272aae0fa7e95b576d98d17ee65f69d8644f9b6ffc90ee96b4d19",
                "sha256:8f901be74f00a13bf375241a778455ee864c2c21c79154aad196b7a994e1144f",
                "sha256:91d2b89bb0c302f89e753bea008936acfa4e18c156fb264fe41eb6bbb2bbcdeb",
                "sha256:b0538b66f959771c56ff996d828081908a6a52a47c5548faed4a3d0a027a5368",
                "sha256:b30e70f1594ee3c8902978fd71900d7312453922827c4ce0012fa6a8278d6df4",
                "sha256:b71be98ef6e180217d1797185c75507060a57ab9cd835653e0112db16a710f0d",
                "sha256:c6d00cb9da8d0cbfaba18cad046e94b06de6d4d0ffd9d4095a3ad1838af22528",
                "sha256:d1f665e50592caf4cad3caed3ed86f93227bffe0680218ccbb293bd5a6734ca8",
                "sha256:e6e2c8581c6620136b9530137954a8376efffd57fe19802182c7561b0ab48b48",
                "sha256:e7a7667d928ba6ee361a3176e1bef6847c1062b37726b33505cc84136f657e0d",
                "sha256:ec3985c883d6d217cf2013028afc6e3c82b8907192ba6195d6e49885bfc4b19d",
                "sha256:ede13a472caa85a13abe5095e71676af985d7690eaa8461aeac5c74f6600b6c0",
                "sha256:f24d4d6ec301688c59b0c4bb1c1c94c5d0bff4ecad33bb8f5d9efdfb8d8bc925",
                "sha256:f2a42acc01568b9701665e85562bbff78ec3e21981c7d51d56717c22e5d3d58b",
                "sha256:fbc076f79d830ae4c9d49926180a1140b49fa675d0f0d555b44c9a15b29f4c80"
            ],
            "index": "pypi",
            "version": "==1.4.39"
        },
        "urllib3": {
            "hashes": [
                "sha256:47cc05d99aaa09c9e72ed5809b60e7ba354e64b59c9c173ac3018642d8bb41fc",
                "sha256:c083dd0dce68dbfbe1129d5271cb90f9447dea7d52097c6e0126120c521ddea8"
            ],
            "markers": "python_version >= '2.7' and python_version not in '3.0, 3.1, 3.2, 3.3, 3.4, 3.5'",
            "version": "==1.26.13"
        }
    },
    "develop": {
        "attrs": {
            "hashes": [
                "sha256:29adc2665447e5191d0e7c568fde78b21f9672d344281d0c6e1ab085429b22b6",
                "sha256:86efa402f67bf2df34f51a335487cf46b1ec130d02b8d39fd248abfd30da551c"
            ],
            "markers": "python_version >= '3.5'",
            "version": "==22.1.0"
        },
        "iniconfig": {
            "hashes": [
                "sha256:011e24c64b7f47f6ebd835bb12a743f2fbe9a26d4cecaa7f53bc4f35ee9da8b3",
                "sha256:bc3af051d7d14b2ee5ef9969666def0cd1a000e121eaea580d4a313df4b37f32"
            ],
            "version": "==1.1.1"
        },
        "packaging": {
            "hashes": [
                "sha256:2198ec20bd4c017b8f9717e00f0c8714076fc2fd93816750ab48e2c41de2cfd3",
                "sha256:957e2148ba0e1a3b282772e791ef1d8083648bc131c8ab0c1feba110ce1146c3"
            ],
            "markers": "python_version >= '3.7'",
            "version": "==22.0"
        },
        "pluggy": {
            "hashes": [
                "sha256:4224373bacce55f955a878bf9cfa763c1e360858e330072059e10bad68531159",
                "sha256:74134bbf457f031a36d68416e1509f34bd5ccc019f0bcc952c7b909d06b37bd3"
            ],
            "markers": "python_version >= '3.6'",
            "version": "==1.0.0"
        },
        "py": {
            "hashes": [
                "sha256:51c75c4126074b472f746a24399ad32f6053d1b34b68d2fa41e558e6f4a98719",
                "sha256:607c53218732647dff4acdfcd50cb62615cedf612e72d1724fb1a0cc6405b378"
            ],
            "markers": "python_version >= '2.7' and python_version not in '3.0, 3.1, 3.2, 3.3, 3.4'",
            "version": "==1.11.0"
        },
        "pytest": {
            "hashes": [
                "sha256:13d0e3ccfc2b6e26be000cb6568c832ba67ba32e719443bfe725814d3c42433c",
                "sha256:a06a0425453864a270bc45e71f783330a7428defb4230fb5e6a731fde06ecd45"
            ],
            "index": "pypi",
            "version": "==7.1.2"
        },
        "tomli": {
            "hashes": [
                "sha256:939de3e7a6161af0c887ef91b7d41a53e7c5a1ca976325f429cb46ea9bc30ecc",
                "sha256:de526c12914f0c550d15924c62d72abc48d6fe7364aa87328337a31007fe8a4f"
            ],
            "markers": "python_version >= '3.7'",
            "version": "==2.0.1"
        }
    }
}
