{
    "_meta": {
        "hash": {
            "sha256": "a8e2b433a770c77ac709b72343ca9b42dc2af8f74e0994b7c4561598265b5171"
        },
        "pipfile-spec": 6,
        "requires": {
            "python_version": "3.10"
        },
        "sources": [
            {
                "name": "pypi",
                "url": "https://pypi.org/simple",
                "verify_ssl": true
            }
        ]
    },
    "default": {
        "altgraph": {
            "hashes": [
                "sha256:ad33358114df7c9416cdb8fa1eaa5852166c505118717021c6a8c7c7abbd03dd",
                "sha256:c8ac1ca6772207179ed8003ce7687757c04b0b71536f81e2ac5755c6226458fe"
            ],
            "version": "==0.17.3"
        },
        "certifi": {
            "hashes": [
                "sha256:539cc1d13202e33ca466e88b2807e29f4c13049d6d87031a3c110744495cb082",
                "sha256:92d6037539857d8206b8f6ae472e8b77db8058fec5937a1ef3f54304089edbb9"
            ],
            "index": "pypi",
            "version": "==2023.7.22"
        },
        "charset-normalizer": {
            "hashes": [
                "sha256:04e57ab9fbf9607b77f7d057974694b4f6b142da9ed4a199859d9d4d5c63fe96",
                "sha256:09393e1b2a9461950b1c9a45d5fd251dc7c6f228acab64da1c9c0165d9c7765c",
                "sha256:0b87549028f680ca955556e3bd57013ab47474c3124dc069faa0b6545b6c9710",
                "sha256:1000fba1057b92a65daec275aec30586c3de2401ccdcd41f8a5c1e2c87078706",
                "sha256:1249cbbf3d3b04902ff081ffbb33ce3377fa6e4c7356f759f3cd076cc138d020",
                "sha256:1920d4ff15ce893210c1f0c0e9d19bfbecb7983c76b33f046c13a8ffbd570252",
                "sha256:193cbc708ea3aca45e7221ae58f0fd63f933753a9bfb498a3b474878f12caaad",
                "sha256:1a100c6d595a7f316f1b6f01d20815d916e75ff98c27a01ae817439ea7726329",
                "sha256:1f30b48dd7fa1474554b0b0f3fdfdd4c13b5c737a3c6284d3cdc424ec0ffff3a",
                "sha256:203f0c8871d5a7987be20c72442488a0b8cfd0f43b7973771640fc593f56321f",
                "sha256:246de67b99b6851627d945db38147d1b209a899311b1305dd84916f2b88526c6",
                "sha256:2dee8e57f052ef5353cf608e0b4c871aee320dd1b87d351c28764fc0ca55f9f4",
                "sha256:2efb1bd13885392adfda4614c33d3b68dee4921fd0ac1d3988f8cbb7d589e72a",
                "sha256:2f4ac36d8e2b4cc1aa71df3dd84ff8efbe3bfb97ac41242fbcfc053c67434f46",
                "sha256:3170c9399da12c9dc66366e9d14da8bf7147e1e9d9ea566067bbce7bb74bd9c2",
                "sha256:3b1613dd5aee995ec6d4c69f00378bbd07614702a315a2cf6c1d21461fe17c23",
                "sha256:3bb3d25a8e6c0aedd251753a79ae98a093c7e7b471faa3aa9a93a81431987ace",
                "sha256:3bb7fda7260735efe66d5107fb7e6af6a7c04c7fce9b2514e04b7a74b06bf5dd",
                "sha256:41b25eaa7d15909cf3ac4c96088c1f266a9a93ec44f87f1d13d4a0e86c81b982",
                "sha256:45de3f87179c1823e6d9e32156fb14c1927fcc9aba21433f088fdfb555b77c10",
                "sha256:46fb8c61d794b78ec7134a715a3e564aafc8f6b5e338417cb19fe9f57a5a9bf2",
                "sha256:48021783bdf96e3d6de03a6e39a1171ed5bd7e8bb93fc84cc649d11490f87cea",
                "sha256:4957669ef390f0e6719db3613ab3a7631e68424604a7b448f079bee145da6e09",
                "sha256:5e86d77b090dbddbe78867a0275cb4df08ea195e660f1f7f13435a4649e954e5",
                "sha256:6339d047dab2780cc6220f46306628e04d9750f02f983ddb37439ca47ced7149",
                "sha256:681eb3d7e02e3c3655d1b16059fbfb605ac464c834a0c629048a30fad2b27489",
                "sha256:6c409c0deba34f147f77efaa67b8e4bb83d2f11c8806405f76397ae5b8c0d1c9",
                "sha256:7095f6fbfaa55defb6b733cfeb14efaae7a29f0b59d8cf213be4e7ca0b857b80",
                "sha256:70c610f6cbe4b9fce272c407dd9d07e33e6bf7b4aa1b7ffb6f6ded8e634e3592",
                "sha256:72814c01533f51d68702802d74f77ea026b5ec52793c791e2da806a3844a46c3",
                "sha256:7a4826ad2bd6b07ca615c74ab91f32f6c96d08f6fcc3902ceeedaec8cdc3bcd6",
                "sha256:7c70087bfee18a42b4040bb9ec1ca15a08242cf5867c58726530bdf3945672ed",
                "sha256:855eafa5d5a2034b4621c74925d89c5efef61418570e5ef9b37717d9c796419c",
                "sha256:8700f06d0ce6f128de3ccdbc1acaea1ee264d2caa9ca05daaf492fde7c2a7200",
                "sha256:89f1b185a01fe560bc8ae5f619e924407efca2191b56ce749ec84982fc59a32a",
                "sha256:8b2c760cfc7042b27ebdb4a43a4453bd829a5742503599144d54a032c5dc7e9e",
                "sha256:8c2f5e83493748286002f9369f3e6607c565a6a90425a3a1fef5ae32a36d749d",
                "sha256:8e098148dd37b4ce3baca71fb394c81dc5d9c7728c95df695d2dca218edf40e6",
                "sha256:94aea8eff76ee6d1cdacb07dd2123a68283cb5569e0250feab1240058f53b623",
                "sha256:95eb302ff792e12aba9a8b8f8474ab229a83c103d74a750ec0bd1c1eea32e669",
                "sha256:9bd9b3b31adcb054116447ea22caa61a285d92e94d710aa5ec97992ff5eb7cf3",
                "sha256:9e608aafdb55eb9f255034709e20d5a83b6d60c054df0802fa9c9883d0a937aa",
                "sha256:a103b3a7069b62f5d4890ae1b8f0597618f628b286b03d4bc9195230b154bfa9",
                "sha256:a386ebe437176aab38c041de1260cd3ea459c6ce5263594399880bbc398225b2",
                "sha256:a38856a971c602f98472050165cea2cdc97709240373041b69030be15047691f",
                "sha256:a401b4598e5d3f4a9a811f3daf42ee2291790c7f9d74b18d75d6e21dda98a1a1",
                "sha256:a7647ebdfb9682b7bb97e2a5e7cb6ae735b1c25008a70b906aecca294ee96cf4",
                "sha256:aaf63899c94de41fe3cf934601b0f7ccb6b428c6e4eeb80da72c58eab077b19a",
                "sha256:b0dac0ff919ba34d4df1b6131f59ce95b08b9065233446be7e459f95554c0dc8",
                "sha256:baacc6aee0b2ef6f3d308e197b5d7a81c0e70b06beae1f1fcacffdbd124fe0e3",
                "sha256:bf420121d4c8dce6b889f0e8e4ec0ca34b7f40186203f06a946fa0276ba54029",
                "sha256:c04a46716adde8d927adb9457bbe39cf473e1e2c2f5d0a16ceb837e5d841ad4f",
                "sha256:c0b21078a4b56965e2b12f247467b234734491897e99c1d51cee628da9786959",
                "sha256:c1c76a1743432b4b60ab3358c937a3fe1341c828ae6194108a94c69028247f22",
                "sha256:c4983bf937209c57240cff65906b18bb35e64ae872da6a0db937d7b4af845dd7",
                "sha256:c4fb39a81950ec280984b3a44f5bd12819953dc5fa3a7e6fa7a80db5ee853952",
                "sha256:c57921cda3a80d0f2b8aec7e25c8aa14479ea92b5b51b6876d975d925a2ea346",
                "sha256:c8063cf17b19661471ecbdb3df1c84f24ad2e389e326ccaf89e3fb2484d8dd7e",
                "sha256:ccd16eb18a849fd8dcb23e23380e2f0a354e8daa0c984b8a732d9cfaba3a776d",
                "sha256:cd6dbe0238f7743d0efe563ab46294f54f9bc8f4b9bcf57c3c666cc5bc9d1299",
                "sha256:d62e51710986674142526ab9f78663ca2b0726066ae26b78b22e0f5e571238dd",
                "sha256:db901e2ac34c931d73054d9797383d0f8009991e723dab15109740a63e7f902a",
                "sha256:e03b8895a6990c9ab2cdcd0f2fe44088ca1c65ae592b8f795c3294af00a461c3",
                "sha256:e1c8a2f4c69e08e89632defbfabec2feb8a8d99edc9f89ce33c4b9e36ab63037",
                "sha256:e4b749b9cc6ee664a3300bb3a273c1ca8068c46be705b6c31cf5d276f8628a94",
                "sha256:e6a5bf2cba5ae1bb80b154ed68a3cfa2fa00fde979a7f50d6598d3e17d9ac20c",
                "sha256:e857a2232ba53ae940d3456f7533ce6ca98b81917d47adc3c7fd55dad8fab858",
                "sha256:ee4006268ed33370957f55bf2e6f4d263eaf4dc3cfc473d1d90baff6ed36ce4a",
                "sha256:eef9df1eefada2c09a5e7a40991b9fc6ac6ef20b1372abd48d2794a316dc0449",
                "sha256:f058f6963fd82eb143c692cecdc89e075fa0828db2e5b291070485390b2f1c9c",
                "sha256:f25c229a6ba38a35ae6e25ca1264621cc25d4d38dca2942a7fce0b67a4efe918",
                "sha256:f2a1d0fd4242bd8643ce6f98927cf9c04540af6efa92323e9d3124f57727bfc1",
                "sha256:f7560358a6811e52e9c4d142d497f1a6e10103d3a6881f18d04dbce3729c0e2c",
                "sha256:f779d3ad205f108d14e99bb3859aa7dd8e9c68874617c72354d7ecaec2a054ac",
                "sha256:f87f746ee241d30d6ed93969de31e5ffd09a2961a051e60ae6bddde9ec3583aa"
            ],
            "markers": "python_version >= '3.7'",
            "version": "==3.2.0"
        },
        "docutils": {
            "hashes": [
                "sha256:96f387a2c5562db4476f09f13bbab2192e764cac08ebbf3a34a95d9b1e4a59d6",
                "sha256:f08a4e276c3a1583a86dce3e34aba3fe04d02bba2dd51ed16106244e8a923e3b"
            ],
            "markers": "python_version >= '3.7'",
            "version": "==0.20.1"
        },
        "greenlet": {
            "hashes": [
                "sha256:03a8f4f3430c3b3ff8d10a2a86028c660355ab637cee9333d63d66b56f09d52a",
                "sha256:0bf60faf0bc2468089bdc5edd10555bab6e85152191df713e2ab1fcc86382b5a",
                "sha256:18a7f18b82b52ee85322d7a7874e676f34ab319b9f8cce5de06067384aa8ff43",
                "sha256:18e98fb3de7dba1c0a852731c3070cf022d14f0d68b4c87a19cc1016f3bb8b33",
                "sha256:1a819eef4b0e0b96bb0d98d797bef17dc1b4a10e8d7446be32d1da33e095dbb8",
                "sha256:26fbfce90728d82bc9e6c38ea4d038cba20b7faf8a0ca53a9c07b67318d46088",
                "sha256:2780572ec463d44c1d3ae850239508dbeb9fed38e294c68d19a24d925d9223ca",
                "sha256:283737e0da3f08bd637b5ad058507e578dd462db259f7f6e4c5c365ba4ee9343",
                "sha256:2d4686f195e32d36b4d7cf2d166857dbd0ee9f3d20ae349b6bf8afc8485b3645",
                "sha256:2dd11f291565a81d71dab10b7033395b7a3a5456e637cf997a6f33ebdf06f8db",
                "sha256:30bcf80dda7f15ac77ba5af2b961bdd9dbc77fd4ac6105cee85b0d0a5fcf74df",
                "sha256:32e5b64b148966d9cccc2c8d35a671409e45f195864560829f395a54226408d3",
                "sha256:36abbf031e1c0f79dd5d596bfaf8e921c41df2bdf54ee1eed921ce1f52999a86",
                "sha256:3a06ad5312349fec0ab944664b01d26f8d1f05009566339ac6f63f56589bc1a2",
                "sha256:3a51c9751078733d88e013587b108f1b7a1fb106d402fb390740f002b6f6551a",
                "sha256:3c9b12575734155d0c09d6c3e10dbd81665d5c18e1a7c6597df72fd05990c8cf",
                "sha256:3f6ea9bd35eb450837a3d80e77b517ea5bc56b4647f5502cd28de13675ee12f7",
                "sha256:4b58adb399c4d61d912c4c331984d60eb66565175cdf4a34792cd9600f21b394",
                "sha256:4d2e11331fc0c02b6e84b0d28ece3a36e0548ee1a1ce9ddde03752d9b79bba40",
                "sha256:5454276c07d27a740c5892f4907c86327b632127dd9abec42ee62e12427ff7e3",
                "sha256:561091a7be172ab497a3527602d467e2b3fbe75f9e783d8b8ce403fa414f71a6",
                "sha256:6c3acb79b0bfd4fe733dff8bc62695283b57949ebcca05ae5c129eb606ff2d74",
                "sha256:703f18f3fda276b9a916f0934d2fb6d989bf0b4fb5a64825260eb9bfd52d78f0",
                "sha256:7492e2b7bd7c9b9916388d9df23fa49d9b88ac0640db0a5b4ecc2b653bf451e3",
                "sha256:76ae285c8104046b3a7f06b42f29c7b73f77683df18c49ab5af7983994c2dd91",
                "sha256:7cafd1208fdbe93b67c7086876f061f660cfddc44f404279c1585bbf3cdc64c5",
                "sha256:7efde645ca1cc441d6dc4b48c0f7101e8d86b54c8530141b09fd31cef5149ec9",
                "sha256:88d9ab96491d38a5ab7c56dd7a3cc37d83336ecc564e4e8816dbed12e5aaefc8",
                "sha256:8eab883b3b2a38cc1e050819ef06a7e6344d4a990d24d45bc6f2cf959045a45b",
                "sha256:910841381caba4f744a44bf81bfd573c94e10b3045ee00de0cbf436fe50673a6",
                "sha256:9190f09060ea4debddd24665d6804b995a9c122ef5917ab26e1566dcc712ceeb",
                "sha256:937e9020b514ceedb9c830c55d5c9872abc90f4b5862f89c0887033ae33c6f73",
                "sha256:94c817e84245513926588caf1152e3b559ff794d505555211ca041f032abbb6b",
                "sha256:971ce5e14dc5e73715755d0ca2975ac88cfdaefcaab078a284fea6cfabf866df",
                "sha256:9d14b83fab60d5e8abe587d51c75b252bcc21683f24699ada8fb275d7712f5a9",
                "sha256:9f35ec95538f50292f6d8f2c9c9f8a3c6540bbfec21c9e5b4b751e0a7c20864f",
                "sha256:a1846f1b999e78e13837c93c778dcfc3365902cfb8d1bdb7dd73ead37059f0d0",
                "sha256:acd2162a36d3de67ee896c43effcd5ee3de247eb00354db411feb025aa319857",
                "sha256:b0ef99cdbe2b682b9ccbb964743a6aca37905fda5e0452e5ee239b1654d37f2a",
                "sha256:b80f600eddddce72320dbbc8e3784d16bd3fb7b517e82476d8da921f27d4b249",
                "sha256:b864ba53912b6c3ab6bcb2beb19f19edd01a6bfcbdfe1f37ddd1778abfe75a30",
                "sha256:b9ec052b06a0524f0e35bd8790686a1da006bd911dd1ef7d50b77bfbad74e292",
                "sha256:ba2956617f1c42598a308a84c6cf021a90ff3862eddafd20c3333d50f0edb45b",
                "sha256:bdfea8c661e80d3c1c99ad7c3ff74e6e87184895bbaca6ee8cc61209f8b9b85d",
                "sha256:be4ed120b52ae4d974aa40215fcdfde9194d63541c7ded40ee12eb4dda57b76b",
                "sha256:c4302695ad8027363e96311df24ee28978162cdcdd2006476c43970b384a244c",
                "sha256:c48f54ef8e05f04d6eff74b8233f6063cb1ed960243eacc474ee73a2ea8573ca",
                "sha256:c9c59a2120b55788e800d82dfa99b9e156ff8f2227f07c5e3012a45a399620b7",
                "sha256:cd021c754b162c0fb55ad5d6b9d960db667faad0fa2ff25bb6e1301b0b6e6a75",
                "sha256:d27ec7509b9c18b6d73f2f5ede2622441de812e7b1a80bbd446cb0633bd3d5ae",
                "sha256:d5508f0b173e6aa47273bdc0a0b5ba055b59662ba7c7ee5119528f466585526b",
                "sha256:d75209eed723105f9596807495d58d10b3470fa6732dd6756595e89925ce2470",
                "sha256:db1a39669102a1d8d12b57de2bb7e2ec9066a6f2b3da35ae511ff93b01b5d564",
                "sha256:dbfcfc0218093a19c252ca8eb9aee3d29cfdcb586df21049b9d777fd32c14fd9",
                "sha256:e0f72c9ddb8cd28532185f54cc1453f2c16fb417a08b53a855c4e6a418edd099",
                "sha256:e7c8dc13af7db097bed64a051d2dd49e9f0af495c26995c00a9ee842690d34c0",
                "sha256:ea9872c80c132f4663822dd2a08d404073a5a9b5ba6155bea72fb2a79d1093b5",
                "sha256:eff4eb9b7eb3e4d0cae3d28c283dc16d9bed6b193c2e1ace3ed86ce48ea8df19",
                "sha256:f82d4d717d8ef19188687aa32b8363e96062911e63ba22a0cff7802a8e58e5f1",
                "sha256:fc3a569657468b6f3fb60587e48356fe512c1754ca05a564f11366ac9e306526"
            ],
            "markers": "python_version >= '3' and platform_machine == 'aarch64' or (platform_machine == 'ppc64le' or (platform_machine == 'x86_64' or (platform_machine == 'amd64' or (platform_machine == 'AMD64' or (platform_machine == 'win32' or platform_machine == 'WIN32')))))",
            "version": "==2.0.2"
        },
        "idna": {
            "hashes": [
                "sha256:814f528e8dead7d329833b91c5faa87d60bf71824cd12a7530b5526063d02cb4",
                "sha256:90b77e79eaa3eba6de819a0c442c0b4ceefc341a7a2ab77d7562bf49f425c5c2"
            ],
            "markers": "python_version >= '3.5'",
            "version": "==3.4"
        },
        "kivy": {
            "extras": [
                "base"
            ],
            "hashes": [
                "sha256:1c112bcfaf5caea8648563c7706e038cc51afc8f4b2e7c30088441505c9bd6e5",
                "sha256:222c1cae30a5f85b1ccf6bdab391a2a255a2acb3b891ce04037156109c7856f2",
                "sha256:260f88aff72ba2269e6733598e9081533072769ed0bec2d020a8bd010d1b6751",
                "sha256:2c834e90668b23ed7e4c725aead01b16ed347bc0747b3476d2e9eff5c36ce0a6",
                "sha256:2f7d5c3b71a73a41b73a79f3dd059c2177d0711ddff63292595d8e6204bd8d8a",
                "sha256:38776f17aad1dc93133b997a7492999a1169ab09db56735ee5bfe300e01b01af",
                "sha256:3a16f3ba3b70d5e7943d7ee5c4cbbd52bc4675f38da4bf2b3005c1639d6c04b3",
                "sha256:3f3067ec3cbd8616ce5dbc06a561df4862f8f37b20167885137102eb5254d890",
                "sha256:591e06bc8cb4c71c0eed756fc21491513fd71edfc79b8d5f7b229c5e6930a767",
                "sha256:5936bec77659b7774100094462ee124684235572ddc5177e47f99ec9a9ecba84",
                "sha256:6b0836ff99bce926a1d8ce8335c3ccf80459419fff7e0b0d56b386990a847d6a",
                "sha256:8bc76c8d91d1b57f7d2bc859e66dc0736d42c192600b0077ad6a7d18c2ed922d",
                "sha256:8eca96611980bb5ee4288469653f2d052082e2363df0b5d68c431f21bbc3d069",
                "sha256:a680aae60ecde4dd8657579c1137f581f07ead61699a53311b933aa7361eda40",
                "sha256:c24ca9669e941cb0551a67e23583dbbecff02f4829b3016df85a1a4378a1f854",
                "sha256:d533947bf5126e6c808a994032af4116264fb302b48cfd88312d1750ef5bf236",
                "sha256:ee3427c3bfdbfad07e663cf77db7461eed986e1e8e6995ebb532dc4eb5e13fc2",
                "sha256:eec5c58b82a23c15b70f687f161450a310b0c99075e1e425a00b2e096cec5261",
                "sha256:ef3e59315e10a01a9955e45c5a422f558c7a2495ae2a66c78d68caa6863b1572",
                "sha256:f81618278f18e5a2ba4f7d5d09c231a1d58a89df50f82c5d71f6baf057f4dac3",
                "sha256:fccae9301048e0d1e31443eeb08ab9cd66e91afe59d0474c067f1d838bce04b5"
            ],
            "index": "pypi",
            "version": "==2.1.0"
        },
        "kivy-garden": {
            "hashes": [
                "sha256:2b8377378e87501d5d271f33d94f0e44c089884572c64f89c9d609b1f86a2748",
                "sha256:ef50f44b96358cf10ac5665f27a4751bb34ef54051c54b93af891f80afe42929"
            ],
            "version": "==0.1.5"
        },
        "kwargs": {
            "hashes": [
                "sha256:2557e7b3e3c9317fb64079c06664a5f1ce9be342e04ee295375d91eef63a5e31",
                "sha256:f553495d7dfc7b9ec335d572d93ce723cc6de4917a5d135cbc84c2d772b7139f"
            ],
            "index": "pypi",
            "version": "==1.0.1"
        },
        "pillow": {
            "hashes": [
                "sha256:00e65f5e822decd501e374b0650146063fbb30a7264b4d2744bdd7b913e0cab5",
                "sha256:040586f7d37b34547153fa383f7f9aed68b738992380ac911447bb78f2abe530",
                "sha256:0b6eb5502f45a60a3f411c63187db83a3d3107887ad0d036c13ce836f8a36f1d",
                "sha256:1ce91b6ec08d866b14413d3f0bbdea7e24dfdc8e59f562bb77bc3fe60b6144ca",
                "sha256:1f62406a884ae75fb2f818694469519fb685cc7eaff05d3451a9ebe55c646891",
                "sha256:22c10cc517668d44b211717fd9775799ccec4124b9a7f7b3635fc5386e584992",
                "sha256:3400aae60685b06bb96f99a21e1ada7bc7a413d5f49bce739828ecd9391bb8f7",
                "sha256:349930d6e9c685c089284b013478d6f76e3a534e36ddfa912cde493f235372f3",
                "sha256:368ab3dfb5f49e312231b6f27b8820c823652b7cd29cfbd34090565a015e99ba",
                "sha256:38250a349b6b390ee6047a62c086d3817ac69022c127f8a5dc058c31ccef17f3",
                "sha256:3a684105f7c32488f7153905a4e3015a3b6c7182e106fe3c37fbb5ef3e6994c3",
                "sha256:3a82c40d706d9aa9734289740ce26460a11aeec2d9c79b7af87bb35f0073c12f",
                "sha256:3b08d4cc24f471b2c8ca24ec060abf4bebc6b144cb89cba638c720546b1cf538",
                "sha256:3ed64f9ca2f0a95411e88a4efbd7a29e5ce2cea36072c53dd9d26d9c76f753b3",
                "sha256:3f07ea8d2f827d7d2a49ecf1639ec02d75ffd1b88dcc5b3a61bbb37a8759ad8d",
                "sha256:520f2a520dc040512699f20fa1c363eed506e94248d71f85412b625026f6142c",
                "sha256:5c6e3df6bdd396749bafd45314871b3d0af81ff935b2d188385e970052091017",
                "sha256:608bfdee0d57cf297d32bcbb3c728dc1da0907519d1784962c5f0c68bb93e5a3",
                "sha256:685ac03cc4ed5ebc15ad5c23bc555d68a87777586d970c2c3e216619a5476223",
                "sha256:76de421f9c326da8f43d690110f0e79fe3ad1e54be811545d7d91898b4c8493e",
                "sha256:76edb0a1fa2b4745fb0c99fb9fb98f8b180a1bbceb8be49b087e0b21867e77d3",
                "sha256:7be600823e4c8631b74e4a0d38384c73f680e6105a7d3c6824fcf226c178c7e6",
                "sha256:81ff539a12457809666fef6624684c008e00ff6bf455b4b89fd00a140eecd640",
                "sha256:88af2003543cc40c80f6fca01411892ec52b11021b3dc22ec3bc9d5afd1c5334",
                "sha256:8c11160913e3dd06c8ffdb5f233a4f254cb449f4dfc0f8f4549eda9e542c93d1",
                "sha256:8f8182b523b2289f7c415f589118228d30ac8c355baa2f3194ced084dac2dbba",
                "sha256:9211e7ad69d7c9401cfc0e23d49b69ca65ddd898976d660a2fa5904e3d7a9baa",
                "sha256:92be919bbc9f7d09f7ae343c38f5bb21c973d2576c1d45600fce4b74bafa7ac0",
                "sha256:9c82b5b3e043c7af0d95792d0d20ccf68f61a1fec6b3530e718b688422727396",
                "sha256:9f7c16705f44e0504a3a2a14197c1f0b32a95731d251777dcb060aa83022cb2d",
                "sha256:9fb218c8a12e51d7ead2a7c9e101a04982237d4855716af2e9499306728fb485",
                "sha256:a74ba0c356aaa3bb8e3eb79606a87669e7ec6444be352870623025d75a14a2bf",
                "sha256:b4f69b3700201b80bb82c3a97d5e9254084f6dd5fb5b16fc1a7b974260f89f43",
                "sha256:bc2ec7c7b5d66b8ec9ce9f720dbb5fa4bace0f545acd34870eff4a369b44bf37",
                "sha256:c189af0545965fa8d3b9613cfdb0cd37f9d71349e0f7750e1fd704648d475ed2",
                "sha256:c1fbe7621c167ecaa38ad29643d77a9ce7311583761abf7836e1510c580bf3dd",
                "sha256:c7cf14a27b0d6adfaebb3ae4153f1e516df54e47e42dcc073d7b3d76111a8d86",
                "sha256:c9f72a021fbb792ce98306ffb0c348b3c9cb967dce0f12a49aa4c3d3fdefa967",
                "sha256:cd25d2a9d2b36fcb318882481367956d2cf91329f6892fe5d385c346c0649629",
                "sha256:ce543ed15570eedbb85df19b0a1a7314a9c8141a36ce089c0a894adbfccb4568",
                "sha256:ce7b031a6fc11365970e6a5686d7ba8c63e4c1cf1ea143811acbb524295eabed",
                "sha256:d35e3c8d9b1268cbf5d3670285feb3528f6680420eafe35cccc686b73c1e330f",
                "sha256:d50b6aec14bc737742ca96e85d6d0a5f9bfbded018264b3b70ff9d8c33485551",
                "sha256:d5d0dae4cfd56969d23d94dc8e89fb6a217be461c69090768227beb8ed28c0a3",
                "sha256:d5db32e2a6ccbb3d34d87c87b432959e0db29755727afb37290e10f6e8e62614",
                "sha256:d72e2ecc68a942e8cf9739619b7f408cc7b272b279b56b2c83c6123fcfa5cdff",
                "sha256:d737a602fbd82afd892ca746392401b634e278cb65d55c4b7a8f48e9ef8d008d",
                "sha256:d80cf684b541685fccdd84c485b31ce73fc5c9b5d7523bf1394ce134a60c6883",
                "sha256:db24668940f82321e746773a4bc617bfac06ec831e5c88b643f91f122a785684",
                "sha256:dbc02381779d412145331789b40cc7b11fdf449e5d94f6bc0b080db0a56ea3f0",
                "sha256:dffe31a7f47b603318c609f378ebcd57f1554a3a6a8effbc59c3c69f804296de",
                "sha256:edf4392b77bdc81f36e92d3a07a5cd072f90253197f4a52a55a8cec48a12483b",
                "sha256:efe8c0681042536e0d06c11f48cebe759707c9e9abf880ee213541c5b46c5bf3",
                "sha256:f31f9fdbfecb042d046f9d91270a0ba28368a723302786c0009ee9b9f1f60199",
                "sha256:f88a0b92277de8e3ca715a0d79d68dc82807457dae3ab8699c758f07c20b3c51",
                "sha256:faaf07ea35355b01a35cb442dd950d8f1bb5b040a7787791a535de13db15ed90"
            ],
            "version": "==10.0.0"
        },
        "pygments": {
            "hashes": [
                "sha256:8ace4d3c1dd481894b2005f560ead0f9f19ee64fe983366be1a21e171d12775c",
                "sha256:db2db3deb4b4179f399a09054b023b6a586b76499d36965813c71aa8ed7b5fd1"
            ],
            "markers": "python_version >= '3.7'",
            "version": "==2.15.1"
        },
        "pyinstaller": {
            "hashes": [
                "sha256:29b3f17d75ff58b12db7b0116df1b3382c8345aefd500a177987eaf0599dec03",
                "sha256:3c9bc373b4a4bf6d81b306b9918e290a3de582d7b50a0f6f4e837970a4db0c54",
                "sha256:588f2840c27a8a7e1b1fa361f107a1060c5096b36d3c94c243b23687ee41609d",
                "sha256:9596c70c860cbce19537354db95b180351959b4cd14a70db6ab1d1432668c313",
                "sha256:996e296d1dfe27c3e89efc26dbcc247f49c0801a9b5e22e2b39f5b983cf5c2f5",
                "sha256:a90ee3181c88aed0893bf537a50ad547655f5d555a5b731215a5fe1946d2f3db",
                "sha256:ac003d49bbd62f6712b5631487049cee4f0a07445dd31c6d05e5724e33689fca",
                "sha256:c421b46ebf81ad4498de480640ce1a47ac15dfd3938dfc2e1c0846cb5cdb0c59",
                "sha256:d3852c1f8fe6ca2f5c7942c845dc6d1f6140aa7860fe3500eac3ac88875d1dd4",
                "sha256:d8bfe5c32b4b5aaa91a5c1c7912fe3e5d13e7671f3468ee7742ec71ca192a975",
                "sha256:f786cb013ebfd3fb23ddb46285902663e31256220b12b368f8c36e859a77ebc9"
            ],
            "index": "pypi",
            "version": "==5.1"
        },
        "pyinstaller-hooks-contrib": {
            "hashes": [
                "sha256:596a72009d8692b043e0acbf5e1b476d93149900142ba01845dded91a0770cb5",
                "sha256:aa6d7d038814df6aa7bec7bdbebc7cb4c693d3398df858f6062957f0797d397b"
            ],
            "markers": "python_version >= '3.7'",
            "version": "==2023.6"
        },
        "requests": {
            "hashes": [
                "sha256:58cd2187c01e70e6e26505bca751777aa9f2ee0b7f4300988b709f44e013003f",
                "sha256:942c5a758f98d790eaed1a29cb6eefc7ffb0d1cf7af05c3d2791656dbd6ad1e1"
            ],
            "markers": "python_version >= '3.7'",
            "version": "==2.31.0"
        },
        "setuptools": {
            "hashes": [
                "sha256:11e52c67415a381d10d6b462ced9cfb97066179f0e871399e006c4ab101fc85f",
                "sha256:baf1fdb41c6da4cd2eae722e135500da913332ab3f2f5c7d33af9b492acb5235"
            ],
            "markers": "python_version >= '3.7'",
            "version": "==68.0.0"
        },
        "sqlalchemy": {
            "hashes": [
                "sha256:047ef5ccd8860f6147b8ac6c45a4bc573d4e030267b45d9a1c47b55962ff0e6f",
                "sha256:05a05771617bfa723ba4cef58d5b25ac028b0d68f28f403edebed5b8243b3a87",
                "sha256:0ec54460475f0c42512895c99c63d90dd2d9cbd0c13491a184182e85074b04c5",
                "sha256:107df519eb33d7f8e0d0d052128af2f25066c1a0f6b648fd1a9612ab66800b86",
                "sha256:14ea8ff2d33c48f8e6c3c472111d893b9e356284d1482102da9678195e5a8eac",
                "sha256:1745987ada1890b0e7978abdb22c133eca2e89ab98dc17939042240063e1ef21",
                "sha256:1962dfee37b7fb17d3d4889bf84c4ea08b1c36707194c578f61e6e06d12ab90f",
                "sha256:20bf65bcce65c538e68d5df27402b39341fabeecf01de7e0e72b9d9836c13c52",
                "sha256:26146c59576dfe9c546c9f45397a7c7c4a90c25679492ff610a7500afc7d03a6",
                "sha256:365b75938049ae31cf2176efd3d598213ddb9eb883fbc82086efa019a5f649df",
                "sha256:4770eb3ba69ec5fa41c681a75e53e0e342ac24c1f9220d883458b5596888e43a",
                "sha256:50e7569637e2e02253295527ff34666706dbb2bc5f6c61a5a7f44b9610c9bb09",
                "sha256:5c2d19bfb33262bf987ef0062345efd0f54c4189c2d95159c72995457bf4a359",
                "sha256:621f050e72cc7dfd9ad4594ff0abeaad954d6e4a2891545e8f1a53dcdfbef445",
                "sha256:6d81de54e45f1d756785405c9d06cd17918c2eecc2d4262dc2d276ca612c2f61",
                "sha256:6f95706da857e6e79b54c33c1214f5467aab10600aa508ddd1239d5df271986e",
                "sha256:752ef2e8dbaa3c5d419f322e3632f00ba6b1c3230f65bc97c2ff5c5c6c08f441",
                "sha256:7b2785dd2a0c044a36836857ac27310dc7a99166253551ee8f5408930958cc60",
                "sha256:7f13644b15665f7322f9e0635129e0ef2098409484df67fcd225d954c5861559",
                "sha256:8194896038753b46b08a0b0ae89a5d80c897fb601dd51e243ed5720f1f155d27",
                "sha256:864d4f89f054819cb95e93100b7d251e4d114d1c60bc7576db07b046432af280",
                "sha256:8b773c9974c272aae0fa7e95b576d98d17ee65f69d8644f9b6ffc90ee96b4d19",
                "sha256:8f901be74f00a13bf375241a778455ee864c2c21c79154aad196b7a994e1144f",
                "sha256:91d2b89bb0c302f89e753bea008936acfa4e18c156fb264fe41eb6bbb2bbcdeb",
                "sha256:b0538b66f959771c56ff996d828081908a6a52a47c5548faed4a3d0a027a5368",
                "sha256:b30e70f1594ee3c8902978fd71900d7312453922827c4ce0012fa6a8278d6df4",
                "sha256:b71be98ef6e180217d1797185c75507060a57ab9cd835653e0112db16a710f0d",
                "sha256:c6d00cb9da8d0cbfaba18cad046e94b06de6d4d0ffd9d4095a3ad1838af22528",
                "sha256:d1f665e50592caf4cad3caed3ed86f93227bffe0680218ccbb293bd5a6734ca8",
                "sha256:e6e2c8581c6620136b9530137954a8376efffd57fe19802182c7561b0ab48b48",
                "sha256:e7a7667d928ba6ee361a3176e1bef6847c1062b37726b33505cc84136f657e0d",
                "sha256:ec3985c883d6d217cf2013028afc6e3c82b8907192ba6195d6e49885bfc4b19d",
                "sha256:ede13a472caa85a13abe5095e71676af985d7690eaa8461aeac5c74f6600b6c0",
                "sha256:f24d4d6ec301688c59b0c4bb1c1c94c5d0bff4ecad33bb8f5d9efdfb8d8bc925",
                "sha256:f2a42acc01568b9701665e85562bbff78ec3e21981c7d51d56717c22e5d3d58b",
                "sha256:fbc076f79d830ae4c9d49926180a1140b49fa675d0f0d555b44c9a15b29f4c80"
            ],
            "index": "pypi",
            "version": "==1.4.39"
        },
        "urllib3": {
            "hashes": [
                "sha256:8d22f86aae8ef5e410d4f539fde9ce6b2113a001bb4d189e0aed70642d602b11",
                "sha256:de7df1803967d2c2a98e4b11bb7d6bd9210474c46e8a0401514e3a42a75ebde4"
            ],
            "markers": "python_version >= '3.7'",
            "version": "==2.0.4"
        }
    },
    "develop": {
        "attrs": {
            "hashes": [
                "sha256:1f28b4522cdc2fb4256ac1a020c78acf9cba2c6b461ccd2c126f3aa8e8335d04",
                "sha256:6279836d581513a26f1bf235f9acd333bc9115683f14f7e8fae46c98fc50e015"
            ],
            "markers": "python_version >= '3.7'",
            "version": "==23.1.0"
        },
        "iniconfig": {
            "hashes": [
                "sha256:2d91e135bf72d31a410b17c16da610a82cb55f6b0477d1a902134b24a455b8b3",
                "sha256:b6a85871a79d2e3b22d2d1b94ac2824226a63c6b741c88f7ae975f18b6778374"
            ],
            "markers": "python_version >= '3.7'",
            "version": "==2.0.0"
        },
        "packaging": {
            "hashes": [
                "sha256:994793af429502c4ea2ebf6bf664629d07c1a9fe974af92966e4b8d2df7edc61",
                "sha256:a392980d2b6cffa644431898be54b0045151319d1e7ec34f0cfed48767dd334f"
            ],
            "markers": "python_version >= '3.7'",
            "version": "==23.1"
        },
        "pluggy": {
            "hashes": [
                "sha256:c2fd55a7d7a3863cba1a013e4e2414658b1d07b6bc57b3919e0c63c9abb99849",
                "sha256:d12f0c4b579b15f5e054301bb226ee85eeeba08ffec228092f8defbaa3a4c4b3"
            ],
            "markers": "python_version >= '3.7'",
            "version": "==1.2.0"
        },
        "py": {
            "hashes": [
                "sha256:51c75c4126074b472f746a24399ad32f6053d1b34b68d2fa41e558e6f4a98719",
                "sha256:607c53218732647dff4acdfcd50cb62615cedf612e72d1724fb1a0cc6405b378"
            ],
            "markers": "python_version >= '2.7' and python_version not in '3.0, 3.1, 3.2, 3.3, 3.4'",
            "version": "==1.11.0"
        },
        "pytest": {
            "hashes": [
                "sha256:13d0e3ccfc2b6e26be000cb6568c832ba67ba32e719443bfe725814d3c42433c",
                "sha256:a06a0425453864a270bc45e71f783330a7428defb4230fb5e6a731fde06ecd45"
            ],
            "index": "pypi",
            "version": "==7.1.2"
        },
        "tomli": {
            "hashes": [
                "sha256:939de3e7a6161af0c887ef91b7d41a53e7c5a1ca976325f429cb46ea9bc30ecc",
                "sha256:de526c12914f0c550d15924c62d72abc48d6fe7364aa87328337a31007fe8a4f"
            ],
            "markers": "python_version >= '3.7'",
            "version": "==2.0.1"
        }
    }
}
